
Microsoft Visual Studio Solution File, Format Version 12.00
# Visual Studio Version 17
VisualStudioVersion = 17.7.34031.279
MinimumVisualStudioVersion = 10.0.40219.1
Project("{FAE04EC0-301F-11D3-BF4B-00C04F79EFBC}") = "CPG13.1", "CPG13.1.csproj", "{80D396E9-739C-4274-A04C-E853C14DBD33}"
EndProject
Global
	GlobalSection(SolutionConfigurationPlatforms) = preSolution
		Debug|Any CPU = Debug|Any CPU
		Release|Any CPU = Release|Any CPU
	EndGlobalSection
	GlobalSection(ProjectConfigurationPlatforms) = postSolution
		{80D396E9-739C-4274-A04C-E853C14DBD33}.Debug|Any CPU.ActiveCfg = Debug|Any CPU
		{80D396E9-739C-4274-A04C-E853C14DBD33}.Debug|Any CPU.Build.0 = Debug|Any CPU
		{80D396E9-739C-4274-A04C-E853C14DBD33}.Release|Any CPU.ActiveCfg = Release|Any CPU
		{80D396E9-739C-4274-A04C-E853C14DBD33}.Release|Any CPU.Build.0 = Release|Any CPU
	EndGlobalSection
	GlobalSection(SolutionProperties) = preSolution
		HideSolutionNode = FALSE
	EndGlobalSection
	GlobalSection(ExtensibilityGlobals) = postSolution
		SolutionGuid = {4EBF8CF0-708F-4F02-B959-4AD48F5D2961}
	EndGlobalSection
EndGlobal
