
Microsoft Visual Studio Solution File, Format Version 12.00
# Visual Studio Version 17
VisualStudioVersion = 17.7.34031.279
MinimumVisualStudioVersion = 10.0.40219.1
Project("{FAE04EC0-301F-11D3-BF4B-00C04F79EFBC}") = "CPG53", "CPG53.csproj", "{AA507D50-9C7E-4CA0-97A1-12A2A3713474}"
EndProject
Global
	GlobalSection(SolutionConfigurationPlatforms) = preSolution
		Debug|Any CPU = Debug|Any CPU
		Release|Any CPU = Release|Any CPU
	EndGlobalSection
	GlobalSection(ProjectConfigurationPlatforms) = postSolution
		{AA507D50-9C7E-4CA0-97A1-12A2A3713474}.Debug|Any CPU.ActiveCfg = Debug|Any CPU
		{AA507D50-9C7E-4CA0-97A1-12A2A3713474}.Debug|Any CPU.Build.0 = Debug|Any CPU
		{AA507D50-9C7E-4CA0-97A1-12A2A3713474}.Release|Any CPU.ActiveCfg = Release|Any CPU
		{AA507D50-9C7E-4CA0-97A1-12A2A3713474}.Release|Any CPU.Build.0 = Release|Any CPU
	EndGlobalSection
	GlobalSection(SolutionProperties) = preSolution
		HideSolutionNode = FALSE
	EndGlobalSection
	GlobalSection(ExtensibilityGlobals) = postSolution
		SolutionGuid = {CD0CE4BA-E918-4A0A-A201-FBAAC8701B0F}
	EndGlobalSection
EndGlobal
